
Microsoft Visual Studio Solution File, Format Version 12.00
# Visual Studio Version 17
VisualStudioVersion = 17.10.35027.167
MinimumVisualStudioVersion = 10.0.40219.1
Project("{FAE04EC0-301F-11D3-BF4B-00C04F79EFBC}") = "DAPMDuLich", "DAPMDuLich\DAPMDuLich.csproj", "{7C1EC438-AF53-4E61-A569-3881757A331C}"
EndProject
Global
	GlobalSection(SolutionConfigurationPlatforms) = preSolution
		Debug|Any CPU = Debug|Any CPU
		Release|Any CPU = Release|Any CPU
	EndGlobalSection
	GlobalSection(ProjectConfigurationPlatforms) = postSolution
		{7C1EC438-AF53-4E61-A569-3881757A331C}.Debug|Any CPU.ActiveCfg = Debug|Any CPU
		{7C1EC438-AF53-4E61-A569-3881757A331C}.Debug|Any CPU.Build.0 = Debug|Any CPU
		{7C1EC438-AF53-4E61-A569-3881757A331C}.Release|Any CPU.ActiveCfg = Release|Any CPU
		{7C1EC438-AF53-4E61-A569-3881757A331C}.Release|Any CPU.Build.0 = Release|Any CPU
	EndGlobalSection
	GlobalSection(SolutionProperties) = preSolution
		HideSolutionNode = FALSE
	EndGlobalSection
	GlobalSection(ExtensibilityGlobals) = postSolution
		SolutionGuid = {EB226AC5-BA4F-4ABF-8744-B40CFC4C7EB7}
	EndGlobalSection
EndGlobal
